
Microsoft Visual Studio Solution File, Format Version 12.00
# Visual Studio Version 17
VisualStudioVersion = 17.8.34511.84
MinimumVisualStudioVersion = 10.0.40219.1
Project("{FAE04EC0-301F-11D3-BF4B-00C04F79EFBC}") = "RegraRanking", "RegraRanking\RegraRanking.csproj", "{C640F889-6857-4A01-8223-A7F58F35F511}"
EndProject
Global
	GlobalSection(SolutionConfigurationPlatforms) = preSolution
		Debug|Any CPU = Debug|Any CPU
		Release|Any CPU = Release|Any CPU
	EndGlobalSection
	GlobalSection(ProjectConfigurationPlatforms) = postSolution
		{C640F889-6857-4A01-8223-A7F58F35F511}.Debug|Any CPU.ActiveCfg = Debug|Any CPU
		{C640F889-6857-4A01-8223-A7F58F35F511}.Debug|Any CPU.Build.0 = Debug|Any CPU
		{C640F889-6857-4A01-8223-A7F58F35F511}.Release|Any CPU.ActiveCfg = Release|Any CPU
		{C640F889-6857-4A01-8223-A7F58F35F511}.Release|Any CPU.Build.0 = Release|Any CPU
	EndGlobalSection
	GlobalSection(SolutionProperties) = preSolution
		HideSolutionNode = FALSE
	EndGlobalSection
	GlobalSection(ExtensibilityGlobals) = postSolution
		SolutionGuid = {B1F8A312-ED64-487A-A525-3B2E4F0FD52A}
	EndGlobalSection
EndGlobal
